
Microsoft Visual Studio Solution File, Format Version 12.00
# Visual Studio Version 16
VisualStudioVersion = 16.0.31129.286
MinimumVisualStudioVersion = 10.0.40219.1
Project("{FAE04EC0-301F-11D3-BF4B-00C04F79EFBC}") = "SchedulingBase", "WorkingDB\SchedulingBase.csproj", "{62971FAB-35B6-44DE-A94A-5243D6BE10E5}"
EndProject
Global
	GlobalSection(SolutionConfigurationPlatforms) = preSolution
		Debug|Any CPU = Debug|Any CPU
		Release|Any CPU = Release|Any CPU
	EndGlobalSection
	GlobalSection(ProjectConfigurationPlatforms) = postSolution
		{62971FAB-35B6-44DE-A94A-5243D6BE10E5}.Debug|Any CPU.ActiveCfg = Debug|Any CPU
		{62971FAB-35B6-44DE-A94A-5243D6BE10E5}.Debug|Any CPU.Build.0 = Debug|Any CPU
		{62971FAB-35B6-44DE-A94A-5243D6BE10E5}.Release|Any CPU.ActiveCfg = Release|Any CPU
		{62971FAB-35B6-44DE-A94A-5243D6BE10E5}.Release|Any CPU.Build.0 = Release|Any CPU
	EndGlobalSection
	GlobalSection(SolutionProperties) = preSolution
		HideSolutionNode = FALSE
	EndGlobalSection
	GlobalSection(ExtensibilityGlobals) = postSolution
		SolutionGuid = {2D5E1B6E-D626-4A76-902C-1EF7751C47D3}
	EndGlobalSection
EndGlobal
